// !$*UTF8*$!
{
	archiveVersion = 1;
	classes = {
	};
	objectVersion = 77;
	objects = {

/* Begin PBXContainerItemProxy section */
		472B713D2D5AAF42003A2390 /* PBXContainerItemProxy */ = {
			isa = PBXContainerItemProxy;
			containerPortal = 472B71242D5AAF41003A2390 /* Project object */;
			proxyType = 1;
			remoteGlobalIDString = 472B712B2D5AAF41003A2390;
			remoteInfo = TicTacToeVersion2App;
		};
		472B71472D5AAF42003A2390 /* PBXContainerItemProxy */ = {
			isa = PBXContainerItemProxy;
			containerPortal = 472B71242D5AAF41003A2390 /* Project object */;
			proxyType = 1;
			remoteGlobalIDString = 472B712B2D5AAF41003A2390;
			remoteInfo = TicTacToeVersion2App;
		};
/* End PBXContainerItemProxy section */

/* Begin PBXFileReference section */
		472B712C2D5AAF41003A2390 /* TicTacToeVersion2App.app */ = {isa = PBXFileReference; explicitFileType = wrapper.application; includeInIndex = 0; path = TicTacToeVersion2App.app; sourceTree = BUILT_PRODUCTS_DIR; };
		472B713C2D5AAF42003A2390 /* TicTacToeVersion2AppTests.xctest */ = {isa = PBXFileReference; explicitFileType = wrapper.cfbundle; includeInIndex = 0; path = TicTacToeVersion2AppTests.xctest; sourceTree = BUILT_PRODUCTS_DIR; };
		472B71462D5AAF42003A2390 /* TicTacToeVersion2AppUITests.xctest */ = {isa = PBXFileReference; explicitFileType = wrapper.cfbundle; includeInIndex = 0; path = TicTacToeVersion2AppUITests.xctest; sourceTree = BUILT_PRODUCTS_DIR; };
/* End PBXFileReference section */

/* Begin PBXFileSystemSynchronizedRootGroup section */
		472B712E2D5AAF41003A2390 /* TicTacToeVersion2App */ = {
			isa = PBXFileSystemSynchronizedRootGroup;
			path = TicTacToeVersion2App;
			sourceTree = "<group>";
		};
		472B713F2D5AAF42003A2390 /* TicTacToeVersion2AppTests */ = {
			isa = PBXFileSystemSynchronizedRootGroup;
			path = TicTacToeVersion2AppTests;
			sourceTree = "<group>";
		};
		472B71492D5AAF42003A2390 /* TicTacToeVersion2AppUITests */ = {
			isa = PBXFileSystemSynchronizedRootGroup;
			path = TicTacToeVersion2AppUITests;
			sourceTree = "<group>";
		};
/* End PBXFileSystemSynchronizedRootGroup section */

/* Begin PBXFrameworksBuildPhase section */
		472B71292D5AAF41003A2390 /* Frameworks */ = {
			isa = PBXFrameworksBuildPhase;
			buildActionMask = 2147483647;
			files = (
			);
			runOnlyForDeploymentPostprocessing = 0;
		};
		472B71392D5AAF42003A2390 /* Frameworks */ = {
			isa = PBXFrameworksBuildPhase;
			buildActionMask = 2147483647;
			files = (
			);
			runOnlyForDeploymentPostprocessing = 0;
		};
		472B71432D5AAF42003A2390 /* Frameworks */ = {
			isa = PBXFrameworksBuildPhase;
			buildActionMask = 2147483647;
			files = (
			);
			runOnlyForDeploymentPostprocessing = 0;
		};
/* End PBXFrameworksBuildPhase section */

/* Begin PBXGroup section */
		472B71232D5AAF41003A2390 = {
			isa = PBXGroup;
			children = (
				472B712E2D5AAF41003A2390 /* TicTacToeVersion2App */,
				472B713F2D5AAF42003A2390 /* TicTacToeVersion2AppTests */,
				472B71492D5AAF42003A2390 /* TicTacToeVersion2AppUITests */,
				472B712D2D5AAF41003A2390 /* Products */,
			);
			sourceTree = "<group>";
		};
		472B712D2D5AAF41003A2390 /* Products */ = {
			isa = PBXGroup;
			children = (
				472B712C2D5AAF41003A2390 /* TicTacToeVersion2App.app */,
				472B713C2D5AAF42003A2390 /* TicTacToeVersion2AppTests.xctest */,
				472B71462D5AAF42003A2390 /* TicTacToeVersion2AppUITests.xctest */,
			);
			name = Products;
			sourceTree = "<group>";
		};
/* End PBXGroup section */

/* Begin PBXNativeTarget section */
		472B712B2D5AAF41003A2390 /* TicTacToeVersion2App */ = {
			isa = PBXNativeTarget;
			buildConfigurationList = 472B71502D5AAF42003A2390 /* Build configuration list for PBXNativeTarget "TicTacToeVersion2App" */;
			buildPhases = (
				472B71282D5AAF41003A2390 /* Sources */,
				472B71292D5AAF41003A2390 /* Frameworks */,
				472B712A2D5AAF41003A2390 /* Resources */,
			);
			buildRules = (
			);
			dependencies = (
			);
			fileSystemSynchronizedGroups = (
				472B712E2D5AAF41003A2390 /* TicTacToeVersion2App */,
			);
			name = TicTacToeVersion2App;
			packageProductDependencies = (
			);
			productName = TicTacToeVersion2App;
			productReference = 472B712C2D5AAF41003A2390 /* TicTacToeVersion2App.app */;
			productType = "com.apple.product-type.application";
		};
		472B713B2D5AAF42003A2390 /* TicTacToeVersion2AppTests */ = {
			isa = PBXNativeTarget;
			buildConfigurationList = 472B71532D5AAF42003A2390 /* Build configuration list for PBXNativeTarget "TicTacToeVersion2AppTests" */;
			buildPhases = (
				472B71382D5AAF42003A2390 /* Sources */,
				472B71392D5AAF42003A2390 /* Frameworks */,
				472B713A2D5AAF42003A2390 /* Resources */,
			);
			buildRules = (
			);
			dependencies = (
				472B713E2D5AAF42003A2390 /* PBXTargetDependency */,
			);
			fileSystemSynchronizedGroups = (
				472B713F2D5AAF42003A2390 /* TicTacToeVersion2AppTests */,
			);
			name = TicTacToeVersion2AppTests;
			packageProductDependencies = (
			);
			productName = TicTacToeVersion2AppTests;
			productReference = 472B713C2D5AAF42003A2390 /* TicTacToeVersion2AppTests.xctest */;
			productType = "com.apple.product-type.bundle.unit-test";
		};
		472B71452D5AAF42003A2390 /* TicTacToeVersion2AppUITests */ = {
			isa = PBXNativeTarget;
			buildConfigurationList = 472B71562D5AAF42003A2390 /* Build configuration list for PBXNativeTarget "TicTacToeVersion2AppUITests" */;
			buildPhases = (
				472B71422D5AAF42003A2390 /* Sources */,
				472B71432D5AAF42003A2390 /* Frameworks */,
				472B71442D5AAF42003A2390 /* Resources */,
			);
			buildRules = (
			);
			dependencies = (
				472B71482D5AAF42003A2390 /* PBXTargetDependency */,
			);
			fileSystemSynchronizedGroups = (
				472B71492D5AAF42003A2390 /* TicTacToeVersion2AppUITests */,
			);
			name = TicTacToeVersion2AppUITests;
			packageProductDependencies = (
			);
			productName = TicTacToeVersion2AppUITests;
			productReference = 472B71462D5AAF42003A2390 /* TicTacToeVersion2AppUITests.xctest */;
			productType = "com.apple.product-type.bundle.ui-testing";
		};
/* End PBXNativeTarget section */

/* Begin PBXProject section */
		472B71242D5AAF41003A2390 /* Project object */ = {
			isa = PBXProject;
			attributes = {
				BuildIndependentTargetsInParallel = 1;
				LastSwiftUpdateCheck = 1620;
				LastUpgradeCheck = 1620;
				TargetAttributes = {
					472B712B2D5AAF41003A2390 = {
						CreatedOnToolsVersion = 16.2;
					};
					472B713B2D5AAF42003A2390 = {
						CreatedOnToolsVersion = 16.2;
						TestTargetID = 472B712B2D5AAF41003A2390;
					};
					472B71452D5AAF42003A2390 = {
						CreatedOnToolsVersion = 16.2;
						TestTargetID = 472B712B2D5AAF41003A2390;
					};
				};
			};
			buildConfigurationList = 472B71272D5AAF41003A2390 /* Build configuration list for PBXProject "TicTacToeVersion2App" */;
			developmentRegion = en;
			hasScannedForEncodings = 0;
			knownRegions = (
				en,
				Base,
			);
			mainGroup = 472B71232D5AAF41003A2390;
			minimizedProjectReferenceProxies = 1;
			preferredProjectObjectVersion = 77;
			productRefGroup = 472B712D2D5AAF41003A2390 /* Products */;
			projectDirPath = "";
			projectRoot = "";
			targets = (
				472B712B2D5AAF41003A2390 /* TicTacToeVersion2App */,
				472B713B2D5AAF42003A2390 /* TicTacToeVersion2AppTests */,
				472B71452D5AAF42003A2390 /* TicTacToeVersion2AppUITests */,
			);
		};
/* End PBXProject section */

/* Begin PBXResourcesBuildPhase section */
		472B712A2D5AAF41003A2390 /* Resources */ = {
			isa = PBXResourcesBuildPhase;
			buildActionMask = 2147483647;
			files = (
			);
			runOnlyForDeploymentPostprocessing = 0;
		};
		472B713A2D5AAF42003A2390 /* Resources */ = {
			isa = PBXResourcesBuildPhase;
			buildActionMask = 2147483647;
			files = (
			);
			runOnlyForDeploymentPostprocessing = 0;
		};
		472B71442D5AAF42003A2390 /* Resources */ = {
			isa = PBXResourcesBuildPhase;
			buildActionMask = 2147483647;
			files = (
			);
			runOnlyForDeploymentPostprocessing = 0;
		};
/* End PBXResourcesBuildPhase section */

/* Begin PBXSourcesBuildPhase section */
		472B71282D5AAF41003A2390 /* Sources */ = {
			isa = PBXSourcesBuildPhase;
			buildActionMask = 2147483647;
			files = (
			);
			runOnlyForDeploymentPostprocessing = 0;
		};
		472B71382D5AAF42003A2390 /* Sources */ = {
			isa = PBXSourcesBuildPhase;
			buildActionMask = 2147483647;
			files = (
			);
			runOnlyForDeploymentPostprocessing = 0;
		};
		472B71422D5AAF42003A2390 /* Sources */ = {
			isa = PBXSourcesBuildPhase;
			buildActionMask = 2147483647;
			files = (
			);
			runOnlyForDeploymentPostprocessing = 0;
		};
/* End PBXSourcesBuildPhase section */

/* Begin PBXTargetDependency section */
		472B713E2D5AAF42003A2390 /* PBXTargetDependency */ = {
			isa = PBXTargetDependency;
			target = 472B712B2D5AAF41003A2390 /* TicTacToeVersion2App */;
			targetProxy = 472B713D2D5AAF42003A2390 /* PBXContainerItemProxy */;
		};
		472B71482D5AAF42003A2390 /* PBXTargetDependency */ = {
			isa = PBXTargetDependency;
			target = 472B712B2D5AAF41003A2390 /* TicTacToeVersion2App */;
			targetProxy = 472B71472D5AAF42003A2390 /* PBXContainerItemProxy */;
		};
/* End PBXTargetDependency section */

/* Begin XCBuildConfiguration section */
		472B714E2D5AAF42003A2390 /* Debug */ = {
			isa = XCBuildConfiguration;
			buildSettings = {
				ALWAYS_SEARCH_USER_PATHS = NO;
				ASSETCATALOG_COMPILER_GENERATE_SWIFT_ASSET_SYMBOL_EXTENSIONS = YES;
				CLANG_ANALYZER_NONNULL = YES;
				CLANG_ANALYZER_NUMBER_OBJECT_CONVERSION = YES_AGGRESSIVE;
				CLANG_CXX_LANGUAGE_STANDARD = "gnu++20";
				CLANG_ENABLE_MODULES = YES;
				CLANG_ENABLE_OBJC_ARC = YES;
				CLANG_ENABLE_OBJC_WEAK = YES;
				CLANG_WARN_BLOCK_CAPTURE_AUTORELEASING = YES;
				CLANG_WARN_BOOL_CONVERSION = YES;
				CLANG_WARN_COMMA = YES;
				CLANG_WARN_CONSTANT_CONVERSION = YES;
				CLANG_WARN_DEPRECATED_OBJC_IMPLEMENTATIONS = YES;
				CLANG_WARN_DIRECT_OBJC_ISA_USAGE = YES_ERROR;
				CLANG_WARN_DOCUMENTATION_COMMENTS = YES;
				CLANG_WARN_EMPTY_BODY = YES;
				CLANG_WARN_ENUM_CONVERSION = YES;
				CLANG_WARN_INFINITE_RECURSION = YES;
				CLANG_WARN_INT_CONVERSION = YES;
				CLANG_WARN_NON_LITERAL_NULL_CONVERSION = YES;
				CLANG_WARN_OBJC_IMPLICIT_RETAIN_SELF = YES;
				CLANG_WARN_OBJC_LITERAL_CONVERSION = YES;
				CLANG_WARN_OBJC_ROOT_CLASS = YES_ERROR;
				CLANG_WARN_QUOTED_INCLUDE_IN_FRAMEWORK_HEADER = YES;
				CLANG_WARN_RANGE_LOOP_ANALYSIS = YES;
				CLANG_WARN_STRICT_PROTOTYPES = YES;
				CLANG_WARN_SUSPICIOUS_MOVE = YES;
				CLANG_WARN_UNGUARDED_AVAILABILITY = YES_AGGRESSIVE;
				CLANG_WARN_UNREACHABLE_CODE = YES;
				CLANG_WARN__DUPLICATE_METHOD_MATCH = YES;
				COPY_PHASE_STRIP = NO;
				DEBUG_INFORMATION_FORMAT = dwarf;
				ENABLE_STRICT_OBJC_MSGSEND = YES;
				ENABLE_TESTABILITY = YES;
				ENABLE_USER_SCRIPT_SANDBOXING = YES;
				GCC_C_LANGUAGE_STANDARD = gnu17;
				GCC_DYNAMIC_NO_PIC = NO;
				GCC_NO_COMMON_BLOCKS = YES;
				GCC_OPTIMIZATION_LEVEL = 0;
				GCC_PREPROCESSOR_DEFINITIONS = (
					"DEBUG=1",
					"$(inherited)",
				);
				GCC_WARN_64_TO_32_BIT_CONVERSION = YES;
				GCC_WARN_ABOUT_RETURN_TYPE = YES_ERROR;
				GCC_WARN_UNDECLARED_SELECTOR = YES;
				GCC_WARN_UNINITIALIZED_AUTOS = YES_AGGRESSIVE;
				GCC_WARN_UNUSED_FUNCTION = YES;
				GCC_WARN_UNUSED_VARIABLE = YES;
				IPHONEOS_DEPLOYMENT_TARGET = 18.2;
				LOCALIZATION_PREFERS_STRING_CATALOGS = YES;
				MTL_ENABLE_DEBUG_INFO = INCLUDE_SOURCE;
				MTL_FAST_MATH = YES;
				ONLY_ACTIVE_ARCH = YES;
				SDKROOT = iphoneos;
				SWIFT_ACTIVE_COMPILATION_CONDITIONS = "DEBUG $(inherited)";
				SWIFT_OPTIMIZATION_LEVEL = "-Onone";
			};
			name = Debug;
		};
		472B714F2D5AAF42003A2390 /* Release */ = {
			isa = XCBuildConfiguration;
			buildSettings = {
				ALWAYS_SEARCH_USER_PATHS = NO;
				ASSETCATALOG_COMPILER_GENERATE_SWIFT_ASSET_SYMBOL_EXTENSIONS = YES;
				CLANG_ANALYZER_NONNULL = YES;
				CLANG_ANALYZER_NUMBER_OBJECT_CONVERSION = YES_AGGRESSIVE;
				CLANG_CXX_LANGUAGE_STANDARD = "gnu++20";
				CLANG_ENABLE_MODULES = YES;
				CLANG_ENABLE_OBJC_ARC = YES;
				CLANG_ENABLE_OBJC_WEAK = YES;
				CLANG_WARN_BLOCK_CAPTURE_AUTORELEASING = YES;
				CLANG_WARN_BOOL_CONVERSION = YES;
				CLANG_WARN_COMMA = YES;
				CLANG_WARN_CONSTANT_CONVERSION = YES;
				CLANG_WARN_DEPRECATED_OBJC_IMPLEMENTATIONS = YES;
				CLANG_WARN_DIRECT_OBJC_ISA_USAGE = YES_ERROR;
				CLANG_WARN_DOCUMENTATION_COMMENTS = YES;
				CLANG_WARN_EMPTY_BODY = YES;
				CLANG_WARN_ENUM_CONVERSION = YES;
				CLANG_WARN_INFINITE_RECURSION = YES;
				CLANG_WARN_INT_CONVERSION = YES;
				CLANG_WARN_NON_LITERAL_NULL_CONVERSION = YES;
				CLANG_WARN_OBJC_IMPLICIT_RETAIN_SELF = YES;
				CLANG_WARN_OBJC_LITERAL_CONVERSION = YES;
				CLANG_WARN_OBJC_ROOT_CLASS = YES_ERROR;
				CLANG_WARN_QUOTED_INCLUDE_IN_FRAMEWORK_HEADER = YES;
				CLANG_WARN_RANGE_LOOP_ANALYSIS = YES;
				CLANG_WARN_STRICT_PROTOTYPES = YES;
				CLANG_WARN_SUSPICIOUS_MOVE = YES;
				CLANG_WARN_UNGUARDED_AVAILABILITY = YES_AGGRESSIVE;
				CLANG_WARN_UNREACHABLE_CODE = YES;
				CLANG_WARN__DUPLICATE_METHOD_MATCH = YES;
				COPY_PHASE_STRIP = NO;
				DEBUG_INFORMATION_FORMAT = "dwarf-with-dsym";
				ENABLE_NS_ASSERTIONS = NO;
				ENABLE_STRICT_OBJC_MSGSEND = YES;
				ENABLE_USER_SCRIPT_SANDBOXING = YES;
				GCC_C_LANGUAGE_STANDARD = gnu17;
				GCC_NO_COMMON_BLOCKS = YES;
				GCC_WARN_64_TO_32_BIT_CONVERSION = YES;
				GCC_WARN_ABOUT_RETURN_TYPE = YES_ERROR;
				GCC_WARN_UNDECLARED_SELECTOR = YES;
				GCC_WARN_UNINITIALIZED_AUTOS = YES_AGGRESSIVE;
				GCC_WARN_UNUSED_FUNCTION = YES;
				GCC_WARN_UNUSED_VARIABLE = YES;
				IPHONEOS_DEPLOYMENT_TARGET = 18.2;
				LOCALIZATION_PREFERS_STRING_CATALOGS = YES;
				MTL_ENABLE_DEBUG_INFO = NO;
				MTL_FAST_MATH = YES;
				SDKROOT = iphoneos;
				SWIFT_COMPILATION_MODE = wholemodule;
				VALIDATE_PRODUCT = YES;
			};
			name = Release;
		};
		472B71512D5AAF42003A2390 /* Debug */ = {
			isa = XCBuildConfiguration;
			buildSettings = {
				ASSETCATALOG_COMPILER_APPICON_NAME = AppIcon;
				ASSETCATALOG_COMPILER_GLOBAL_ACCENT_COLOR_NAME = AccentColor;
				CODE_SIGN_STYLE = Automatic;
				CURRENT_PROJECT_VERSION = 1;
				DEVELOPMENT_ASSET_PATHS = "\"TicTacToeVersion2App/Preview Content\"";
				ENABLE_PREVIEWS = YES;
				GENERATE_INFOPLIST_FILE = YES;
				INFOPLIST_KEY_UIApplicationSceneManifest_Generation = YES;
				INFOPLIST_KEY_UIApplicationSupportsIndirectInputEvents = YES;
				INFOPLIST_KEY_UILaunchScreen_Generation = YES;
				INFOPLIST_KEY_UISupportedInterfaceOrientations = UIInterfaceOrientationPortrait;
				INFOPLIST_KEY_UISupportedInterfaceOrientations_iPad = "UIInterfaceOrientationLandscapeLeft UIInterfaceOrientationLandscapeRight UIInterfaceOrientationPortrait UIInterfaceOrientationPortraitUpsideDown";
				LD_RUNPATH_SEARCH_PATHS = (
					"$(inherited)",
					"@executable_path/Frameworks",
				);
				MARKETING_VERSION = 1.0;
				PRODUCT_BUNDLE_IDENTIFIER = BUSN208.TicTacToeVersion2App;
				PRODUCT_NAME = "$(TARGET_NAME)";
				SUPPORTED_PLATFORMS = "iphoneos iphonesimulator";
				SUPPORTS_MACCATALYST = NO;
				SUPPORTS_MAC_DESIGNED_FOR_IPHONE_IPAD = NO;
				SWIFT_EMIT_LOC_STRINGS = YES;
				SWIFT_VERSION = 5.0;
				TARGETED_DEVICE_FAMILY = "1,2";
			};
			name = Debug;
		};
		472B71522D5AAF42003A2390 /* Release */ = {
			isa = XCBuildConfiguration;
			buildSettings = {
				ASSETCATALOG_COMPILER_APPICON_NAME = AppIcon;
				ASSETCATALOG_COMPILER_GLOBAL_ACCENT_COLOR_NAME = AccentColor;
				CODE_SIGN_STYLE = Automatic;
				CURRENT_PROJECT_VERSION = 1;
				DEVELOPMENT_ASSET_PATHS = "\"TicTacToeVersion2App/Preview Content\"";
				ENABLE_PREVIEWS = YES;
				GENERATE_INFOPLIST_FILE = YES;
				INFOPLIST_KEY_UIApplicationSceneManifest_Generation = YES;
				INFOPLIST_KEY_UIApplicationSupportsIndirectInputEvents = YES;
				INFOPLIST_KEY_UILaunchScreen_Generation = YES;
				INFOPLIST_KEY_UISupportedInterfaceOrientations = UIInterfaceOrientationPortrait;
				INFOPLIST_KEY_UISupportedInterfaceOrientations_iPad = "UIInterfaceOrientationLandscapeLeft UIInterfaceOrientationLandscapeRight UIInterfaceOrientationPortrait UIInterfaceOrientationPortraitUpsideDown";
				LD_RUNPATH_SEARCH_PATHS = (
					"$(inherited)",
					"@executable_path/Frameworks",
				);
				MARKETING_VERSION = 1.0;
				PRODUCT_BUNDLE_IDENTIFIER = BUSN208.TicTacToeVersion2App;
				PRODUCT_NAME = "$(TARGET_NAME)";
				SUPPORTED_PLATFORMS = "iphoneos iphonesimulator";
				SUPPORTS_MACCATALYST = NO;
				SUPPORTS_MAC_DESIGNED_FOR_IPHONE_IPAD = NO;
				SWIFT_EMIT_LOC_STRINGS = YES;
				SWIFT_VERSION = 5.0;
				TARGETED_DEVICE_FAMILY = "1,2";
			};
			name = Release;
		};
		472B71542D5AAF42003A2390 /* Debug */ = {
			isa = XCBuildConfiguration;
			buildSettings = {
				BUNDLE_LOADER = "$(TEST_HOST)";
				CODE_SIGN_STYLE = Automatic;
				CURRENT_PROJECT_VERSION = 1;
				GENERATE_INFOPLIST_FILE = YES;
				IPHONEOS_DEPLOYMENT_TARGET = 18.2;
				MARKETING_VERSION = 1.0;
				PRODUCT_BUNDLE_IDENTIFIER = BUSN208.TicTacToeVersion2AppTests;
				PRODUCT_NAME = "$(TARGET_NAME)";
				SWIFT_EMIT_LOC_STRINGS = NO;
				SWIFT_VERSION = 5.0;
				TARGETED_DEVICE_FAMILY = "1,2";
				TEST_HOST = "$(BUILT_PRODUCTS_DIR)/TicTacToeVersion2App.app/$(BUNDLE_EXECUTABLE_FOLDER_PATH)/TicTacToeVersion2App";
			};
			name = Debug;
		};
		472B71552D5AAF42003A2390 /* Release */ = {
			isa = XCBuildConfiguration;
			buildSettings = {
				BUNDLE_LOADER = "$(TEST_HOST)";
				CODE_SIGN_STYLE = Automatic;
				CURRENT_PROJECT_VERSION = 1;
				GENERATE_INFOPLIST_FILE = YES;
				IPHONEOS_DEPLOYMENT_TARGET = 18.2;
				MARKETING_VERSION = 1.0;
				PRODUCT_BUNDLE_IDENTIFIER = BUSN208.TicTacToeVersion2AppTests;
				PRODUCT_NAME = "$(TARGET_NAME)";
				SWIFT_EMIT_LOC_STRINGS = NO;
				SWIFT_VERSION = 5.0;
				TARGETED_DEVICE_FAMILY = "1,2";
				TEST_HOST = "$(BUILT_PRODUCTS_DIR)/TicTacToeVersion2App.app/$(BUNDLE_EXECUTABLE_FOLDER_PATH)/TicTacToeVersion2App";
			};
			name = Release;
		};
		472B71572D5AAF42003A2390 /* Debug */ = {
			isa = XCBuildConfiguration;
			buildSettings = {
				CODE_SIGN_STYLE = Automatic;
				CURRENT_PROJECT_VERSION = 1;
				GENERATE_INFOPLIST_FILE = YES;
				MARKETING_VERSION = 1.0;
				PRODUCT_BUNDLE_IDENTIFIER = BUSN208.TicTacToeVersion2AppUITests;
				PRODUCT_NAME = "$(TARGET_NAME)";
				SWIFT_EMIT_LOC_STRINGS = NO;
				SWIFT_VERSION = 5.0;
				TARGETED_DEVICE_FAMILY = "1,2";
				TEST_TARGET_NAME = TicTacToeVersion2App;
			};
			name = Debug;
		};
		472B71582D5AAF42003A2390 /* Release */ = {
			isa = XCBuildConfiguration;
			buildSettings = {
				CODE_SIGN_STYLE = Automatic;
				CURRENT_PROJECT_VERSION = 1;
				GENERATE_INFOPLIST_FILE = YES;
				MARKETING_VERSION = 1.0;
				PRODUCT_BUNDLE_IDENTIFIER = BUSN208.TicTacToeVersion2AppUITests;
				PRODUCT_NAME = "$(TARGET_NAME)";
				SWIFT_EMIT_LOC_STRINGS = NO;
				SWIFT_VERSION = 5.0;
				TARGETED_DEVICE_FAMILY = "1,2";
				TEST_TARGET_NAME = TicTacToeVersion2App;
			};
			name = Release;
		};
/* End XCBuildConfiguration section */

/* Begin XCConfigurationList section */
		472B71272D5AAF41003A2390 /* Build configuration list for PBXProject "TicTacToeVersion2App" */ = {
			isa = XCConfigurationList;
			buildConfigurations = (
				472B714E2D5AAF42003A2390 /* Debug */,
				472B714F2D5AAF42003A2390 /* Release */,
			);
			defaultConfigurationIsVisible = 0;
			defaultConfigurationName = Release;
		};
		472B71502D5AAF42003A2390 /* Build configuration list for PBXNativeTarget "TicTacToeVersion2App" */ = {
			isa = XCConfigurationList;
			buildConfigurations = (
				472B71512D5AAF42003A2390 /* Debug */,
				472B71522D5AAF42003A2390 /* Release */,
			);
			defaultConfigurationIsVisible = 0;
			defaultConfigurationName = Release;
		};
		472B71532D5AAF42003A2390 /* Build configuration list for PBXNativeTarget "TicTacToeVersion2AppTests" */ = {
			isa = XCConfigurationList;
			buildConfigurations = (
				472B71542D5AAF42003A2390 /* Debug */,
				472B71552D5AAF42003A2390 /* Release */,
			);
			defaultConfigurationIsVisible = 0;
			defaultConfigurationName = Release;
		};
		472B71562D5AAF42003A2390 /* Build configuration list for PBXNativeTarget "TicTacToeVersion2AppUITests" */ = {
			isa = XCConfigurationList;
			buildConfigurations = (
				472B71572D5AAF42003A2390 /* Debug */,
				472B71582D5AAF42003A2390 /* Release */,
			);
			defaultConfigurationIsVisible = 0;
			defaultConfigurationName = Release;
		};
/* End XCConfigurationList section */
	};
	rootObject = 472B71242D5AAF41003A2390 /* Project object */;
}
